
Microsoft Visual Studio Solution File, Format Version 12.00
# Visual Studio Version 17
VisualStudioVersion = 17.5.002.0
MinimumVisualStudioVersion = 10.0.40219.1
Project("{9A19103F-16F7-4668-BE54-9A1E7A4F7556}") = "EjercicioClase2-10", "EjercicioClase2-10.csproj", "{D4CF9D70-CF9D-40C2-8258-DAECDCE38710}"
EndProject
Global
	GlobalSection(SolutionConfigurationPlatforms) = preSolution
		Debug|Any CPU = Debug|Any CPU
		Release|Any CPU = Release|Any CPU
	EndGlobalSection
	GlobalSection(ProjectConfigurationPlatforms) = postSolution
		{D4CF9D70-CF9D-40C2-8258-DAECDCE38710}.Debug|Any CPU.ActiveCfg = Debug|Any CPU
		{D4CF9D70-CF9D-40C2-8258-DAECDCE38710}.Debug|Any CPU.Build.0 = Debug|Any CPU
		{D4CF9D70-CF9D-40C2-8258-DAECDCE38710}.Release|Any CPU.ActiveCfg = Release|Any CPU
		{D4CF9D70-CF9D-40C2-8258-DAECDCE38710}.Release|Any CPU.Build.0 = Release|Any CPU
	EndGlobalSection
	GlobalSection(SolutionProperties) = preSolution
		HideSolutionNode = FALSE
	EndGlobalSection
	GlobalSection(ExtensibilityGlobals) = postSolution
		SolutionGuid = {C00E41D1-C8C0-4F4F-9396-02019C81280B}
	EndGlobalSection
EndGlobal
